
Microsoft Visual Studio Solution File, Format Version 12.00
# Visual Studio 2013
VisualStudioVersion = 12.0.31101.0
MinimumVisualStudioVersion = 10.0.40219.1
Project("{FAE04EC0-301F-11D3-BF4B-00C04F79EFBC}") = "DotNetUtils", "DotNetUtils\DotNetUtils.csproj", "{87D9FE4B-8D29-46DC-83BF-77218875D91C}"
EndProject
Project("{FAE04EC0-301F-11D3-BF4B-00C04F79EFBC}") = "DotNetUtilsTest", "DotNetUtilsTest\DotNetUtilsTest.csproj", "{F331D84B-35C7-48A4-9035-CF85A5E6C4CC}"
EndProject
Project("{2150E333-8FDC-42A3-9474-1A3956D46DE8}") = ".nuget", ".nuget", "{1E1E3A43-64A4-4AD6-9D0B-823978FFDEF1}"
	ProjectSection(SolutionItems) = preProject
		.nuget\packages.config = .nuget\packages.config
	EndProjectSection
EndProject
Global
	GlobalSection(SolutionConfigurationPlatforms) = preSolution
		Debug|Any CPU = Debug|Any CPU
		Release|Any CPU = Release|Any CPU
	EndGlobalSection
	GlobalSection(ProjectConfigurationPlatforms) = postSolution
		{87D9FE4B-8D29-46DC-83BF-77218875D91C}.Debug|Any CPU.ActiveCfg = Debug|Any CPU
		{87D9FE4B-8D29-46DC-83BF-77218875D91C}.Debug|Any CPU.Build.0 = Debug|Any CPU
		{87D9FE4B-8D29-46DC-83BF-77218875D91C}.Release|Any CPU.ActiveCfg = Release|Any CPU
		{87D9FE4B-8D29-46DC-83BF-77218875D91C}.Release|Any CPU.Build.0 = Release|Any CPU
		{F331D84B-35C7-48A4-9035-CF85A5E6C4CC}.Debug|Any CPU.ActiveCfg = Debug|Any CPU
		{F331D84B-35C7-48A4-9035-CF85A5E6C4CC}.Debug|Any CPU.Build.0 = Debug|Any CPU
		{F331D84B-35C7-48A4-9035-CF85A5E6C4CC}.Release|Any CPU.ActiveCfg = Release|Any CPU
		{F331D84B-35C7-48A4-9035-CF85A5E6C4CC}.Release|Any CPU.Build.0 = Release|Any CPU
	EndGlobalSection
	GlobalSection(SolutionProperties) = preSolution
		HideSolutionNode = FALSE
	EndGlobalSection
EndGlobal
